
Microsoft Visual Studio Solution File, Format Version 12.00
# Visual Studio 15
VisualStudioVersion = 15.0.28010.2046
MinimumVisualStudioVersion = 10.0.40219.1
Project("{9A19103F-16F7-4668-BE54-9A1E7A4F7556}") = "Socialite.WebAPI", "Socialite.WebAPI\Socialite.WebAPI.csproj", "{A0DA9364-A515-4E9D-8C53-F2F583719958}"
	ProjectSection(ProjectDependencies) = postProject
		{78771E1F-AE6F-4178-90C5-D05965E306DA} = {78771E1F-AE6F-4178-90C5-D05965E306DA}
		{5BAC76B8-D6FB-4BA7-A369-071CAC6AF2A0} = {5BAC76B8-D6FB-4BA7-A369-071CAC6AF2A0}
	EndProjectSection
EndProject
Project("{9A19103F-16F7-4668-BE54-9A1E7A4F7556}") = "Socialite.Domain", "Socialite.Domain\Socialite.Domain.csproj", "{5BAC76B8-D6FB-4BA7-A369-071CAC6AF2A0}"
EndProject
Project("{9A19103F-16F7-4668-BE54-9A1E7A4F7556}") = "Socialite.Infrastructure", "Socialite.Infrastructure\Socialite.Infrastructure.csproj", "{78771E1F-AE6F-4178-90C5-D05965E306DA}"
	ProjectSection(ProjectDependencies) = postProject
		{5BAC76B8-D6FB-4BA7-A369-071CAC6AF2A0} = {5BAC76B8-D6FB-4BA7-A369-071CAC6AF2A0}
	EndProjectSection
EndProject
Project("{FAE04EC0-301F-11D3-BF4B-00C04F79EFBC}") = "Socialite.UnitTests", "Socialite.UnitTests\Socialite.UnitTests.csproj", "{7DA1C85F-99A2-496C-8C37-5E5E2403745D}"
EndProject
Global
	GlobalSection(SolutionConfigurationPlatforms) = preSolution
		Debug|Any CPU = Debug|Any CPU
		Release|Any CPU = Release|Any CPU
	EndGlobalSection
	GlobalSection(ProjectConfigurationPlatforms) = postSolution
		{A0DA9364-A515-4E9D-8C53-F2F583719958}.Debug|Any CPU.ActiveCfg = Debug|Any CPU
		{A0DA9364-A515-4E9D-8C53-F2F583719958}.Debug|Any CPU.Build.0 = Debug|Any CPU
		{A0DA9364-A515-4E9D-8C53-F2F583719958}.Release|Any CPU.ActiveCfg = Release|Any CPU
		{A0DA9364-A515-4E9D-8C53-F2F583719958}.Release|Any CPU.Build.0 = Release|Any CPU
		{5BAC76B8-D6FB-4BA7-A369-071CAC6AF2A0}.Debug|Any CPU.ActiveCfg = Debug|Any CPU
		{5BAC76B8-D6FB-4BA7-A369-071CAC6AF2A0}.Debug|Any CPU.Build.0 = Debug|Any CPU
		{5BAC76B8-D6FB-4BA7-A369-071CAC6AF2A0}.Release|Any CPU.ActiveCfg = Release|Any CPU
		{5BAC76B8-D6FB-4BA7-A369-071CAC6AF2A0}.Release|Any CPU.Build.0 = Release|Any CPU
		{78771E1F-AE6F-4178-90C5-D05965E306DA}.Debug|Any CPU.ActiveCfg = Debug|Any CPU
		{78771E1F-AE6F-4178-90C5-D05965E306DA}.Debug|Any CPU.Build.0 = Debug|Any CPU
		{78771E1F-AE6F-4178-90C5-D05965E306DA}.Release|Any CPU.ActiveCfg = Release|Any CPU
		{78771E1F-AE6F-4178-90C5-D05965E306DA}.Release|Any CPU.Build.0 = Release|Any CPU
		{7DA1C85F-99A2-496C-8C37-5E5E2403745D}.Debug|Any CPU.ActiveCfg = Debug|Any CPU
		{7DA1C85F-99A2-496C-8C37-5E5E2403745D}.Debug|Any CPU.Build.0 = Debug|Any CPU
		{7DA1C85F-99A2-496C-8C37-5E5E2403745D}.Release|Any CPU.ActiveCfg = Release|Any CPU
		{7DA1C85F-99A2-496C-8C37-5E5E2403745D}.Release|Any CPU.Build.0 = Release|Any CPU
	EndGlobalSection
	GlobalSection(SolutionProperties) = preSolution
		HideSolutionNode = FALSE
	EndGlobalSection
	GlobalSection(ExtensibilityGlobals) = postSolution
		SolutionGuid = {DFE58E53-5610-4FDD-A8D4-99119A4435BC}
	EndGlobalSection
EndGlobal
